
Microsoft Visual Studio Solution File, Format Version 12.00
# Visual Studio Version 17
VisualStudioVersion = 17.3.32929.385
MinimumVisualStudioVersion = 10.0.40219.1
Project("{8BC9CEB8-8B4A-11D0-8D11-00A0C91BC942}") = "shared_memory_unit", "shared_memory\shared_memory.vcxproj", "{F05F4B95-4CE3-4EC2-AE52-91786396430E}"
EndProject
Project("{8BC9CEB8-8B4A-11D0-8D11-00A0C91BC942}") = "second_shared_memory_unit", "second_shared_memory_unit\second_shared_memory_unit.vcxproj", "{FEBD2B6E-AB7C-49DA-8F4C-98EED8259313}"
EndProject
Global
	GlobalSection(SolutionConfigurationPlatforms) = preSolution
		Debug|x64 = Debug|x64
		Debug|x86 = Debug|x86
		Release|x64 = Release|x64
		Release|x86 = Release|x86
	EndGlobalSection
	GlobalSection(ProjectConfigurationPlatforms) = postSolution
		{F05F4B95-4CE3-4EC2-AE52-91786396430E}.Debug|x64.ActiveCfg = Debug|x64
		{F05F4B95-4CE3-4EC2-AE52-91786396430E}.Debug|x64.Build.0 = Debug|x64
		{F05F4B95-4CE3-4EC2-AE52-91786396430E}.Debug|x86.ActiveCfg = Debug|Win32
		{F05F4B95-4CE3-4EC2-AE52-91786396430E}.Debug|x86.Build.0 = Debug|Win32
		{F05F4B95-4CE3-4EC2-AE52-91786396430E}.Release|x64.ActiveCfg = Release|x64
		{F05F4B95-4CE3-4EC2-AE52-91786396430E}.Release|x64.Build.0 = Release|x64
		{F05F4B95-4CE3-4EC2-AE52-91786396430E}.Release|x86.ActiveCfg = Release|Win32
		{F05F4B95-4CE3-4EC2-AE52-91786396430E}.Release|x86.Build.0 = Release|Win32
		{FEBD2B6E-AB7C-49DA-8F4C-98EED8259313}.Debug|x64.ActiveCfg = Debug|x64
		{FEBD2B6E-AB7C-49DA-8F4C-98EED8259313}.Debug|x64.Build.0 = Debug|x64
		{FEBD2B6E-AB7C-49DA-8F4C-98EED8259313}.Debug|x86.ActiveCfg = Debug|Win32
		{FEBD2B6E-AB7C-49DA-8F4C-98EED8259313}.Debug|x86.Build.0 = Debug|Win32
		{FEBD2B6E-AB7C-49DA-8F4C-98EED8259313}.Release|x64.ActiveCfg = Release|x64
		{FEBD2B6E-AB7C-49DA-8F4C-98EED8259313}.Release|x64.Build.0 = Release|x64
		{FEBD2B6E-AB7C-49DA-8F4C-98EED8259313}.Release|x86.ActiveCfg = Release|Win32
		{FEBD2B6E-AB7C-49DA-8F4C-98EED8259313}.Release|x86.Build.0 = Release|Win32
	EndGlobalSection
	GlobalSection(SolutionProperties) = preSolution
		HideSolutionNode = FALSE
	EndGlobalSection
	GlobalSection(ExtensibilityGlobals) = postSolution
		SolutionGuid = {5E033EBA-2FB6-4F58-B463-39A135C86BDD}
	EndGlobalSection
EndGlobal
